// !$*UTF8*$!
{
	archiveVersion = 1;
	classes = {
	};
	objectVersion = 46;
	objects = {

/* Begin PBXBuildFile section */
		45B052791CE199DC00AF1050 /* AppDelegate.swift in Sources */ = {isa = PBXBuildFile; fileRef = 45B052781CE199DC00AF1050 /* AppDelegate.swift */; };
		45B0527B1CE199DC00AF1050 /* ViewController.swift in Sources */ = {isa = PBXBuildFile; fileRef = 45B0527A1CE199DC00AF1050 /* ViewController.swift */; };
		45B0527E1CE199DC00AF1050 /* Main.storyboard in Resources */ = {isa = PBXBuildFile; fileRef = 45B0527C1CE199DC00AF1050 /* Main.storyboard */; };
		45B052801CE199DC00AF1050 /* Assets.xcassets in Resources */ = {isa = PBXBuildFile; fileRef = 45B0527F1CE199DC00AF1050 /* Assets.xcassets */; };
		45B052831CE199DC00AF1050 /* LaunchScreen.storyboard in Resources */ = {isa = PBXBuildFile; fileRef = 45B052811CE199DC00AF1050 /* LaunchScreen.storyboard */; };
		45B0528E1CE199DC00AF1050 /* MathTablesTests.swift in Sources */ = {isa = PBXBuildFile; fileRef = 45B0528D1CE199DC00AF1050 /* MathTablesTests.swift */; };
		45B052991CE199DC00AF1050 /* MathTablesUITests.swift in Sources */ = {isa = PBXBuildFile; fileRef = 45B052981CE199DC00AF1050 /* MathTablesUITests.swift */; };
/* End PBXBuildFile section */

/* Begin PBXContainerItemProxy section */
		45B0528A1CE199DC00AF1050 /* PBXContainerItemProxy */ = {
			isa = PBXContainerItemProxy;
			containerPortal = 45B0526D1CE199DC00AF1050 /* Project object */;
			proxyType = 1;
			remoteGlobalIDString = 45B052741CE199DC00AF1050;
			remoteInfo = MathTables;
		};
		45B052951CE199DC00AF1050 /* PBXContainerItemProxy */ = {
			isa = PBXContainerItemProxy;
			containerPortal = 45B0526D1CE199DC00AF1050 /* Project object */;
			proxyType = 1;
			remoteGlobalIDString = 45B052741CE199DC00AF1050;
			remoteInfo = MathTables;
		};
/* End PBXContainerItemProxy section */

/* Begin PBXFileReference section */
		45B052751CE199DC00AF1050 /* MathTables.app */ = {isa = PBXFileReference; explicitFileType = wrapper.application; includeInIndex = 0; path = MathTables.app; sourceTree = BUILT_PRODUCTS_DIR; };
		45B052781CE199DC00AF1050 /* AppDelegate.swift */ = {isa = PBXFileReference; lastKnownFileType = sourcecode.swift; path = AppDelegate.swift; sourceTree = "<group>"; };
		45B0527A1CE199DC00AF1050 /* ViewController.swift */ = {isa = PBXFileReference; lastKnownFileType = sourcecode.swift; path = ViewController.swift; sourceTree = "<group>"; };
		45B0527D1CE199DC00AF1050 /* Base */ = {isa = PBXFileReference; lastKnownFileType = file.storyboard; name = Base; path = Base.lproj/Main.storyboard; sourceTree = "<group>"; };
		45B0527F1CE199DC00AF1050 /* Assets.xcassets */ = {isa = PBXFileReference; lastKnownFileType = folder.assetcatalog; path = Assets.xcassets; sourceTree = "<group>"; };
		45B052821CE199DC00AF1050 /* Base */ = {isa = PBXFileReference; lastKnownFileType = file.storyboard; name = Base; path = Base.lproj/LaunchScreen.storyboard; sourceTree = "<group>"; };
		45B052841CE199DC00AF1050 /* Info.plist */ = {isa = PBXFileReference; lastKnownFileType = text.plist.xml; path = Info.plist; sourceTree = "<group>"; };
		45B052891CE199DC00AF1050 /* MathTablesTests.xctest */ = {isa = PBXFileReference; explicitFileType = wrapper.cfbundle; includeInIndex = 0; path = MathTablesTests.xctest; sourceTree = BUILT_PRODUCTS_DIR; };
		45B0528D1CE199DC00AF1050 /* MathTablesTests.swift */ = {isa = PBXFileReference; lastKnownFileType = sourcecode.swift; path = MathTablesTests.swift; sourceTree = "<group>"; };
		45B0528F1CE199DC00AF1050 /* Info.plist */ = {isa = PBXFileReference; lastKnownFileType = text.plist.xml; path = Info.plist; sourceTree = "<group>"; };
		45B052941CE199DC00AF1050 /* MathTablesUITests.xctest */ = {isa = PBXFileReference; explicitFileType = wrapper.cfbundle; includeInIndex = 0; path = MathTablesUITests.xctest; sourceTree = BUILT_PRODUCTS_DIR; };
		45B052981CE199DC00AF1050 /* MathTablesUITests.swift */ = {isa = PBXFileReference; lastKnownFileType = sourcecode.swift; path = MathTablesUITests.swift; sourceTree = "<group>"; };
		45B0529A1CE199DC00AF1050 /* Info.plist */ = {isa = PBXFileReference; lastKnownFileType = text.plist.xml; path = Info.plist; sourceTree = "<group>"; };
/* End PBXFileReference section */

/* Begin PBXFrameworksBuildPhase section */
		45B052721CE199DC00AF1050 /* Frameworks */ = {
			isa = PBXFrameworksBuildPhase;
			buildActionMask = 2147483647;
			files = (
			);
			runOnlyForDeploymentPostprocessing = 0;
		};
		45B052861CE199DC00AF1050 /* Frameworks */ = {
			isa = PBXFrameworksBuildPhase;
			buildActionMask = 2147483647;
			files = (
			);
			runOnlyForDeploymentPostprocessing = 0;
		};
		45B052911CE199DC00AF1050 /* Frameworks */ = {
			isa = PBXFrameworksBuildPhase;
			buildActionMask = 2147483647;
			files = (
			);
			runOnlyForDeploymentPostprocessing = 0;
		};
/* End PBXFrameworksBuildPhase section */

/* Begin PBXGroup section */
		45B0526C1CE199DC00AF1050 = {
			isa = PBXGroup;
			children = (
				45B052771CE199DC00AF1050 /* MathTables */,
				45B0528C1CE199DC00AF1050 /* MathTablesTests */,
				45B052971CE199DC00AF1050 /* MathTablesUITests */,
				45B052761CE199DC00AF1050 /* Products */,
			);
			sourceTree = "<group>";
		};
		45B052761CE199DC00AF1050 /* Products */ = {
			isa = PBXGroup;
			children = (
				45B052751CE199DC00AF1050 /* MathTables.app */,
				45B052891CE199DC00AF1050 /* MathTablesTests.xctest */,
				45B052941CE199DC00AF1050 /* MathTablesUITests.xctest */,
			);
			name = Products;
			sourceTree = "<group>";
		};
		45B052771CE199DC00AF1050 /* MathTables */ = {
			isa = PBXGroup;
			children = (
				45B052781CE199DC00AF1050 /* AppDelegate.swift */,
				45B0527A1CE199DC00AF1050 /* ViewController.swift */,
				45B0527C1CE199DC00AF1050 /* Main.storyboard */,
				45B0527F1CE199DC00AF1050 /* Assets.xcassets */,
				45B052811CE199DC00AF1050 /* LaunchScreen.storyboard */,
				45B052841CE199DC00AF1050 /* Info.plist */,
			);
			path = MathTables;
			sourceTree = "<group>";
		};
		45B0528C1CE199DC00AF1050 /* MathTablesTests */ = {
			isa = PBXGroup;
			children = (
				45B0528D1CE199DC00AF1050 /* MathTablesTests.swift */,
				45B0528F1CE199DC00AF1050 /* Info.plist */,
			);
			path = MathTablesTests;
			sourceTree = "<group>";
		};
		45B052971CE199DC00AF1050 /* MathTablesUITests */ = {
			isa = PBXGroup;
			children = (
				45B052981CE199DC00AF1050 /* MathTablesUITests.swift */,
				45B0529A1CE199DC00AF1050 /* Info.plist */,
			);
			path = MathTablesUITests;
			sourceTree = "<group>";
		};
/* End PBXGroup section */

/* Begin PBXNativeTarget section */
		45B052741CE199DC00AF1050 /* MathTables */ = {
			isa = PBXNativeTarget;
			buildConfigurationList = 45B0529D1CE199DC00AF1050 /* Build configuration list for PBXNativeTarget "MathTables" */;
			buildPhases = (
				45B052711CE199DC00AF1050 /* Sources */,
				45B052721CE199DC00AF1050 /* Frameworks */,
				45B052731CE199DC00AF1050 /* Resources */,
			);
			buildRules = (
			);
			dependencies = (
			);
			name = MathTables;
			productName = MathTables;
			productReference = 45B052751CE199DC00AF1050 /* MathTables.app */;
			productType = "com.apple.product-type.application";
		};
		45B052881CE199DC00AF1050 /* MathTablesTests */ = {
			isa = PBXNativeTarget;
			buildConfigurationList = 45B052A01CE199DC00AF1050 /* Build configuration list for PBXNativeTarget "MathTablesTests" */;
			buildPhases = (
				45B052851CE199DC00AF1050 /* Sources */,
				45B052861CE199DC00AF1050 /* Frameworks */,
				45B052871CE199DC00AF1050 /* Resources */,
			);
			buildRules = (
			);
			dependencies = (
				45B0528B1CE199DC00AF1050 /* PBXTargetDependency */,
			);
			name = MathTablesTests;
			productName = MathTablesTests;
			productReference = 45B052891CE199DC00AF1050 /* MathTablesTests.xctest */;
			productType = "com.apple.product-type.bundle.unit-test";
		};
		45B052931CE199DC00AF1050 /* MathTablesUITests */ = {
			isa = PBXNativeTarget;
			buildConfigurationList = 45B052A31CE199DC00AF1050 /* Build configuration list for PBXNativeTarget "MathTablesUITests" */;
			buildPhases = (
				45B052901CE199DC00AF1050 /* Sources */,
				45B052911CE199DC00AF1050 /* Frameworks */,
				45B052921CE199DC00AF1050 /* Resources */,
			);
			buildRules = (
			);
			dependencies = (
				45B052961CE199DC00AF1050 /* PBXTargetDependency */,
			);
			name = MathTablesUITests;
			productName = MathTablesUITests;
			productReference = 45B052941CE199DC00AF1050 /* MathTablesUITests.xctest */;
			productType = "com.apple.product-type.bundle.ui-testing";
		};
/* End PBXNativeTarget section */

/* Begin PBXProject section */
		45B0526D1CE199DC00AF1050 /* Project object */ = {
			isa = PBXProject;
			attributes = {
				LastSwiftUpdateCheck = 0730;
				LastUpgradeCheck = 0730;
				ORGANIZATIONNAME = "Roshan Rishav";
				TargetAttributes = {
					45B052741CE199DC00AF1050 = {
						CreatedOnToolsVersion = 7.3.1;
						DevelopmentTeam = S7TW7HEUXJ;
					};
					45B052881CE199DC00AF1050 = {
						CreatedOnToolsVersion = 7.3.1;
						DevelopmentTeam = S7TW7HEUXJ;
						TestTargetID = 45B052741CE199DC00AF1050;
					};
					45B052931CE199DC00AF1050 = {
						CreatedOnToolsVersion = 7.3.1;
						DevelopmentTeam = S7TW7HEUXJ;
						TestTargetID = 45B052741CE199DC00AF1050;
					};
				};
			};
			buildConfigurationList = 45B052701CE199DC00AF1050 /* Build configuration list for PBXProject "MathTables" */;
			compatibilityVersion = "Xcode 3.2";
			developmentRegion = English;
			hasScannedForEncodings = 0;
			knownRegions = (
				en,
				Base,
			);
			mainGroup = 45B0526C1CE199DC00AF1050;
			productRefGroup = 45B052761CE199DC00AF1050 /* Products */;
			projectDirPath = "";
			projectRoot = "";
			targets = (
				45B052741CE199DC00AF1050 /* MathTables */,
				45B052881CE199DC00AF1050 /* MathTablesTests */,
				45B052931CE199DC00AF1050 /* MathTablesUITests */,
			);
		};
/* End PBXProject section */

/* Begin PBXResourcesBuildPhase section */
		45B052731CE199DC00AF1050 /* Resources */ = {
			isa = PBXResourcesBuildPhase;
			buildActionMask = 2147483647;
			files = (
				45B052831CE199DC00AF1050 /* LaunchScreen.storyboard in Resources */,
				45B052801CE199DC00AF1050 /* Assets.xcassets in Resources */,
				45B0527E1CE199DC00AF1050 /* Main.storyboard in Resources */,
			);
			runOnlyForDeploymentPostprocessing = 0;
		};
		45B052871CE199DC00AF1050 /* Resources */ = {
			isa = PBXResourcesBuildPhase;
			buildActionMask = 2147483647;
			files = (
			);
			runOnlyForDeploymentPostprocessing = 0;
		};
		45B052921CE199DC00AF1050 /* Resources */ = {
			isa = PBXResourcesBuildPhase;
			buildActionMask = 2147483647;
			files = (
			);
			runOnlyForDeploymentPostprocessing = 0;
		};
/* End PBXResourcesBuildPhase section */

/* Begin PBXSourcesBuildPhase section */
		45B052711CE199DC00AF1050 /* Sources */ = {
			isa = PBXSourcesBuildPhase;
			buildActionMask = 2147483647;
			files = (
				45B0527B1CE199DC00AF1050 /* ViewController.swift in Sources */,
				45B052791CE199DC00AF1050 /* AppDelegate.swift in Sources */,
			);
			runOnlyForDeploymentPostprocessing = 0;
		};
		45B052851CE199DC00AF1050 /* Sources */ = {
			isa = PBXSourcesBuildPhase;
			buildActionMask = 2147483647;
			files = (
				45B0528E1CE199DC00AF1050 /* MathTablesTests.swift in Sources */,
			);
			runOnlyForDeploymentPostprocessing = 0;
		};
		45B052901CE199DC00AF1050 /* Sources */ = {
			isa = PBXSourcesBuildPhase;
			buildActionMask = 2147483647;
			files = (
				45B052991CE199DC00AF1050 /* MathTablesUITests.swift in Sources */,
			);
			runOnlyForDeploymentPostprocessing = 0;
		};
/* End PBXSourcesBuildPhase section */

/* Begin PBXTargetDependency section */
		45B0528B1CE199DC00AF1050 /* PBXTargetDependency */ = {
			isa = PBXTargetDependency;
			target = 45B052741CE199DC00AF1050 /* MathTables */;
			targetProxy = 45B0528A1CE199DC00AF1050 /* PBXContainerItemProxy */;
		};
		45B052961CE199DC00AF1050 /* PBXTargetDependency */ = {
			isa = PBXTargetDependency;
			target = 45B052741CE199DC00AF1050 /* MathTables */;
			targetProxy = 45B052951CE199DC00AF1050 /* PBXContainerItemProxy */;
		};
/* End PBXTargetDependency section */

/* Begin PBXVariantGroup section */
		45B0527C1CE199DC00AF1050 /* Main.storyboard */ = {
			isa = PBXVariantGroup;
			children = (
				45B0527D1CE199DC00AF1050 /* Base */,
			);
			name = Main.storyboard;
			sourceTree = "<group>";
		};
		45B052811CE199DC00AF1050 /* LaunchScreen.storyboard */ = {
			isa = PBXVariantGroup;
			children = (
				45B052821CE199DC00AF1050 /* Base */,
			);
			name = LaunchScreen.storyboard;
			sourceTree = "<group>";
		};
/* End PBXVariantGroup section */

/* Begin XCBuildConfiguration section */
		45B0529B1CE199DC00AF1050 /* Debug */ = {
			isa = XCBuildConfiguration;
			buildSettings = {
				ALWAYS_SEARCH_USER_PATHS = NO;
				CLANG_ANALYZER_NONNULL = YES;
				CLANG_CXX_LANGUAGE_STANDARD = "gnu++0x";
				CLANG_CXX_LIBRARY = "libc++";
				CLANG_ENABLE_MODULES = YES;
				CLANG_ENABLE_OBJC_ARC = YES;
				CLANG_WARN_BOOL_CONVERSION = YES;
				CLANG_WARN_CONSTANT_CONVERSION = YES;
				CLANG_WARN_DIRECT_OBJC_ISA_USAGE = YES_ERROR;
				CLANG_WARN_EMPTY_BODY = YES;
				CLANG_WARN_ENUM_CONVERSION = YES;
				CLANG_WARN_INT_CONVERSION = YES;
				CLANG_WARN_OBJC_ROOT_CLASS = YES_ERROR;
				CLANG_WARN_UNREACHABLE_CODE = YES;
				CLANG_WARN__DUPLICATE_METHOD_MATCH = YES;
				"CODE_SIGN_IDENTITY[sdk=iphoneos*]" = "iPhone Developer";
				COPY_PHASE_STRIP = NO;
				DEBUG_INFORMATION_FORMAT = dwarf;
				ENABLE_STRICT_OBJC_MSGSEND = YES;
				ENABLE_TESTABILITY = YES;
				GCC_C_LANGUAGE_STANDARD = gnu99;
				GCC_DYNAMIC_NO_PIC = NO;
				GCC_NO_COMMON_BLOCKS = YES;
				GCC_OPTIMIZATION_LEVEL = 0;
				GCC_PREPROCESSOR_DEFINITIONS = (
					"DEBUG=1",
					"$(inherited)",
				);
				GCC_WARN_64_TO_32_BIT_CONVERSION = YES;
				GCC_WARN_ABOUT_RETURN_TYPE = YES_ERROR;
				GCC_WARN_UNDECLARED_SELECTOR = YES;
				GCC_WARN_UNINITIALIZED_AUTOS = YES_AGGRESSIVE;
				GCC_WARN_UNUSED_FUNCTION = YES;
				GCC_WARN_UNUSED_VARIABLE = YES;
				IPHONEOS_DEPLOYMENT_TARGET = 9.3;
				MTL_ENABLE_DEBUG_INFO = YES;
				ONLY_ACTIVE_ARCH = YES;
				SDKROOT = iphoneos;
				SWIFT_OPTIMIZATION_LEVEL = "-Onone";
			};
			name = Debug;
		};
		45B0529C1CE199DC00AF1050 /* Release */ = {
			isa = XCBuildConfiguration;
			buildSettings = {
				ALWAYS_SEARCH_USER_PATHS = NO;
				CLANG_ANALYZER_NONNULL = YES;
				CLANG_CXX_LANGUAGE_STANDARD = "gnu++0x";
				CLANG_CXX_LIBRARY = "libc++";
				CLANG_ENABLE_MODULES = YES;
				CLANG_ENABLE_OBJC_ARC = YES;
				CLANG_WARN_BOOL_CONVERSION = YES;
				CLANG_WARN_CONSTANT_CONVERSION = YES;
				CLANG_WARN_DIRECT_OBJC_ISA_USAGE = YES_ERROR;
				CLANG_WARN_EMPTY_BODY = YES;
				CLANG_WARN_ENUM_CONVERSION = YES;
				CLANG_WARN_INT_CONVERSION = YES;
				CLANG_WARN_OBJC_ROOT_CLASS = YES_ERROR;
				CLANG_WARN_UNREACHABLE_CODE = YES;
				CLANG_WARN__DUPLICATE_METHOD_MATCH = YES;
				"CODE_SIGN_IDENTITY[sdk=iphoneos*]" = "iPhone Developer";
				COPY_PHASE_STRIP = NO;
				DEBUG_INFORMATION_FORMAT = "dwarf-with-dsym";
				ENABLE_NS_ASSERTIONS = NO;
				ENABLE_STRICT_OBJC_MSGSEND = YES;
				GCC_C_LANGUAGE_STANDARD = gnu99;
				GCC_NO_COMMON_BLOCKS = YES;
				GCC_WARN_64_TO_32_BIT_CONVERSION = YES;
				GCC_WARN_ABOUT_RETURN_TYPE = YES_ERROR;
				GCC_WARN_UNDECLARED_SELECTOR = YES;
				GCC_WARN_UNINITIALIZED_AUTOS = YES_AGGRESSIVE;
				GCC_WARN_UNUSED_FUNCTION = YES;
				GCC_WARN_UNUSED_VARIABLE = YES;
				IPHONEOS_DEPLOYMENT_TARGET = 9.3;
				MTL_ENABLE_DEBUG_INFO = NO;
				SDKROOT = iphoneos;
				VALIDATE_PRODUCT = YES;
			};
			name = Release;
		};
		45B0529E1CE199DC00AF1050 /* Debug */ = {
			isa = XCBuildConfiguration;
			buildSettings = {
				ASSETCATALOG_COMPILER_APPICON_NAME = AppIcon;
				CODE_SIGN_IDENTITY = "iPhone Developer";
				"CODE_SIGN_IDENTITY[sdk=iphoneos*]" = "iPhone Developer";
				INFOPLIST_FILE = MathTables/Info.plist;
				LD_RUNPATH_SEARCH_PATHS = "$(inherited) @executable_path/Frameworks";
				PRODUCT_BUNDLE_IDENTIFIER = com.try.MathTables;
				PRODUCT_NAME = "$(TARGET_NAME)";
				PROVISIONING_PROFILE = "";
			};
			name = Debug;
		};
		45B0529F1CE199DC00AF1050 /* Release */ = {
			isa = XCBuildConfiguration;
			buildSettings = {
				ASSETCATALOG_COMPILER_APPICON_NAME = AppIcon;
				CODE_SIGN_IDENTITY = "iPhone Developer";
				"CODE_SIGN_IDENTITY[sdk=iphoneos*]" = "iPhone Developer";
				INFOPLIST_FILE = MathTables/Info.plist;
				LD_RUNPATH_SEARCH_PATHS = "$(inherited) @executable_path/Frameworks";
				PRODUCT_BUNDLE_IDENTIFIER = com.try.MathTables;
				PRODUCT_NAME = "$(TARGET_NAME)";
				PROVISIONING_PROFILE = "";
			};
			name = Release;
		};
		45B052A11CE199DC00AF1050 /* Debug */ = {
			isa = XCBuildConfiguration;
			buildSettings = {
				BUNDLE_LOADER = "$(TEST_HOST)";
				INFOPLIST_FILE = MathTablesTests/Info.plist;
				LD_RUNPATH_SEARCH_PATHS = "$(inherited) @executable_path/Frameworks @loader_path/Frameworks";
				PRODUCT_BUNDLE_IDENTIFIER = com.try.MathTablesTests;
				PRODUCT_NAME = "$(TARGET_NAME)";
				TEST_HOST = "$(BUILT_PRODUCTS_DIR)/MathTables.app/MathTables";
			};
			name = Debug;
		};
		45B052A21CE199DC00AF1050 /* Release */ = {
			isa = XCBuildConfiguration;
			buildSettings = {
				BUNDLE_LOADER = "$(TEST_HOST)";
				INFOPLIST_FILE = MathTablesTests/Info.plist;
				LD_RUNPATH_SEARCH_PATHS = "$(inherited) @executable_path/Frameworks @loader_path/Frameworks";
				PRODUCT_BUNDLE_IDENTIFIER = com.try.MathTablesTests;
				PRODUCT_NAME = "$(TARGET_NAME)";
				TEST_HOST = "$(BUILT_PRODUCTS_DIR)/MathTables.app/MathTables";
			};
			name = Release;
		};
		45B052A41CE199DC00AF1050 /* Debug */ = {
			isa = XCBuildConfiguration;
			buildSettings = {
				INFOPLIST_FILE = MathTablesUITests/Info.plist;
				LD_RUNPATH_SEARCH_PATHS = "$(inherited) @executable_path/Frameworks @loader_path/Frameworks";
				PRODUCT_BUNDLE_IDENTIFIER = com.try.MathTablesUITests;
				PRODUCT_NAME = "$(TARGET_NAME)";
				TEST_TARGET_NAME = MathTables;
			};
			name = Debug;
		};
		45B052A51CE199DC00AF1050 /* Release */ = {
			isa = XCBuildConfiguration;
			buildSettings = {
				INFOPLIST_FILE = MathTablesUITests/Info.plist;
				LD_RUNPATH_SEARCH_PATHS = "$(inherited) @executable_path/Frameworks @loader_path/Frameworks";
				PRODUCT_BUNDLE_IDENTIFIER = com.try.MathTablesUITests;
				PRODUCT_NAME = "$(TARGET_NAME)";
				TEST_TARGET_NAME = MathTables;
			};
			name = Release;
		};
/* End XCBuildConfiguration section */

/* Begin XCConfigurationList section */
		45B052701CE199DC00AF1050 /* Build configuration list for PBXProject "MathTables" */ = {
			isa = XCConfigurationList;
			buildConfigurations = (
				45B0529B1CE199DC00AF1050 /* Debug */,
				45B0529C1CE199DC00AF1050 /* Release */,
			);
			defaultConfigurationIsVisible = 0;
			defaultConfigurationName = Release;
		};
		45B0529D1CE199DC00AF1050 /* Build configuration list for PBXNativeTarget "MathTables" */ = {
			isa = XCConfigurationList;
			buildConfigurations = (
				45B0529E1CE199DC00AF1050 /* Debug */,
				45B0529F1CE199DC00AF1050 /* Release */,
			);
			defaultConfigurationIsVisible = 0;
			defaultConfigurationName = Release;
		};
		45B052A01CE199DC00AF1050 /* Build configuration list for PBXNativeTarget "MathTablesTests" */ = {
			isa = XCConfigurationList;
			buildConfigurations = (
				45B052A11CE199DC00AF1050 /* Debug */,
				45B052A21CE199DC00AF1050 /* Release */,
			);
			defaultConfigurationIsVisible = 0;
			defaultConfigurationName = Release;
		};
		45B052A31CE199DC00AF1050 /* Build configuration list for PBXNativeTarget "MathTablesUITests" */ = {
			isa = XCConfigurationList;
			buildConfigurations = (
				45B052A41CE199DC00AF1050 /* Debug */,
				45B052A51CE199DC00AF1050 /* Release */,
			);
			defaultConfigurationIsVisible = 0;
			defaultConfigurationName = Release;
		};
/* End XCConfigurationList section */
	};
	rootObject = 45B0526D1CE199DC00AF1050 /* Project object */;
}
